
Microsoft Visual Studio Solution File, Format Version 12.00
# Visual Studio Version 17
VisualStudioVersion = 17.8.34511.84
MinimumVisualStudioVersion = 10.0.40219.1
Project("{FAE04EC0-301F-11D3-BF4B-00C04F79EFBC}") = "KataTraining", "KataTraining\KataTraining.csproj", "{C25C569B-043C-47B5-94E3-2240C155DF32}"
EndProject
Project("{FAE04EC0-301F-11D3-BF4B-00C04F79EFBC}") = "KataTraining.Tests", "KataTraining.Tests\KataTraining.Tests.csproj", "{E30E4A43-4BBB-42F3-A904-437724CFF54A}"
EndProject
Global
	GlobalSection(SolutionConfigurationPlatforms) = preSolution
		Debug|Any CPU = Debug|Any CPU
		Release|Any CPU = Release|Any CPU
	EndGlobalSection
	GlobalSection(ProjectConfigurationPlatforms) = postSolution
		{C25C569B-043C-47B5-94E3-2240C155DF32}.Debug|Any CPU.ActiveCfg = Debug|Any CPU
		{C25C569B-043C-47B5-94E3-2240C155DF32}.Debug|Any CPU.Build.0 = Debug|Any CPU
		{C25C569B-043C-47B5-94E3-2240C155DF32}.Release|Any CPU.ActiveCfg = Release|Any CPU
		{C25C569B-043C-47B5-94E3-2240C155DF32}.Release|Any CPU.Build.0 = Release|Any CPU
		{E30E4A43-4BBB-42F3-A904-437724CFF54A}.Debug|Any CPU.ActiveCfg = Debug|Any CPU
		{E30E4A43-4BBB-42F3-A904-437724CFF54A}.Debug|Any CPU.Build.0 = Debug|Any CPU
		{E30E4A43-4BBB-42F3-A904-437724CFF54A}.Release|Any CPU.ActiveCfg = Release|Any CPU
		{E30E4A43-4BBB-42F3-A904-437724CFF54A}.Release|Any CPU.Build.0 = Release|Any CPU
	EndGlobalSection
	GlobalSection(SolutionProperties) = preSolution
		HideSolutionNode = FALSE
	EndGlobalSection
	GlobalSection(ExtensibilityGlobals) = postSolution
		SolutionGuid = {61B0E240-9953-44B1-BB52-A89FBA96B471}
	EndGlobalSection
EndGlobal
